<?xml version="1.0" encoding="utf-8"?>
<Project ToolsVersion="4.0" xmlns="http://schemas.microsoft.com/developer/msbuild/2003">
  <ItemGroup>
    <Filter Include="源文件">
      <UniqueIdentifier>{4FC737F1-C7A5-4376-A066-2A32D752A2FF}</UniqueIdentifier>
      <Extensions>cpp;c;cc;cxx;c++;cppm;ixx;def;odl;idl;hpj;bat;asm;asmx</Extensions>
    </Filter>
    <Filter Include="头文件">
      <UniqueIdentifier>{93995380-89BD-4b04-88EB-625FBE52EBFB}</UniqueIdentifier>
      <Extensions>h;hh;hpp;hxx;h++;hm;inl;inc;ipp;xsd</Extensions>
    </Filter>
    <Filter Include="资源文件">
      <UniqueIdentifier>{67DA6AB6-F800-4c08-8B7A-83BB121AAD01}</UniqueIdentifier>
      <Extensions>rc;ico;cur;bmp;dlg;rc2;rct;bin;rgs;gif;jpg;jpeg;jpe;resx;tiff;tif;png;wav;mfcribbon-ms</Extensions>
    </Filter>
    <Filter Include="头文件\kernel">
      <UniqueIdentifier>{3f397a08-5736-4e7c-9d94-122273636161}</UniqueIdentifier>
    </Filter>
    <Filter Include="头文件\libs">
      <UniqueIdentifier>{8b67df1e-9651-444d-b952-87c498be0258}</UniqueIdentifier>
    </Filter>
    <Filter Include="头文件\libs\utils">
      <UniqueIdentifier>{fb1b02b2-f8a5-4222-9476-24b15d14f83d}</UniqueIdentifier>
    </Filter>
    <Filter Include="头文件\libs\utils\log_pipe">
      <UniqueIdentifier>{d3d5309f-b1ae-497f-ad2a-003b295af201}</UniqueIdentifier>
    </Filter>
    <Filter Include="源文件\libs">
      <UniqueIdentifier>{6600bea2-3f1c-4d96-b1c3-9fc4dfdea1d5}</UniqueIdentifier>
    </Filter>
    <Filter Include="源文件\libs\utils">
      <UniqueIdentifier>{3e2f4d0e-c49c-48b6-8c42-7cdfcb3f2316}</UniqueIdentifier>
    </Filter>
    <Filter Include="源文件\libs\utils\log_pipe">
      <UniqueIdentifier>{0bff0f41-4f46-4c9b-bed6-c5627973ecd9}</UniqueIdentifier>
    </Filter>
    <Filter Include="头文件\libs\nlohmann">
      <UniqueIdentifier>{bc73e0c7-6a2c-4383-aa39-7178081d1a2c}</UniqueIdentifier>
    </Filter>
    <Filter Include="源文件\kernel">
      <UniqueIdentifier>{1963707d-5b34-4aa4-9aab-8636ecb64814}</UniqueIdentifier>
    </Filter>
    <Filter Include="头文件\libs\sha1">
      <UniqueIdentifier>{7ead3b97-7c8f-40da-b55e-b97cef10579a}</UniqueIdentifier>
    </Filter>
    <Filter Include="源文件\libs\sha1">
      <UniqueIdentifier>{422e14d4-a4e2-42cf-91d8-49e9c6177573}</UniqueIdentifier>
    </Filter>
    <Filter Include="头文件\backends">
      <UniqueIdentifier>{aab528c8-668e-4c7c-8b91-61fbc454e0de}</UniqueIdentifier>
    </Filter>
    <Filter Include="头文件\backends\rtlil">
      <UniqueIdentifier>{22f094ab-5cea-4597-8595-c404ab43cd55}</UniqueIdentifier>
    </Filter>
    <Filter Include="源文件\backends">
      <UniqueIdentifier>{94c94b61-e820-4201-a456-cd8c9d078942}</UniqueIdentifier>
    </Filter>
    <Filter Include="源文件\backends\rtlil">
      <UniqueIdentifier>{27cc6d2e-c539-4a57-b45d-a7fe541a7386}</UniqueIdentifier>
    </Filter>
    <Filter Include="头文件\libs\json11">
      <UniqueIdentifier>{5acb7cb8-d034-40a6-8c9f-9690ccac304d}</UniqueIdentifier>
    </Filter>
    <Filter Include="源文件\libs\json11">
      <UniqueIdentifier>{f8453482-2962-4ef2-be87-78f4f108c673}</UniqueIdentifier>
    </Filter>
    <Filter Include="头文件\libs\ezsat">
      <UniqueIdentifier>{aaadc7bc-7367-4465-8948-fa6694ba9d17}</UniqueIdentifier>
    </Filter>
    <Filter Include="源文件\libs\ezsat">
      <UniqueIdentifier>{be07f9f4-f9b3-4b3f-af61-136bfde05f5b}</UniqueIdentifier>
    </Filter>
    <Filter Include="头文件\libs\minisat">
      <UniqueIdentifier>{5de5595e-8412-4a62-b939-fdc0b772fbc6}</UniqueIdentifier>
    </Filter>
    <Filter Include="源文件\libs\minisat">
      <UniqueIdentifier>{35993347-c85c-4e03-816a-60cb9104c4d9}</UniqueIdentifier>
    </Filter>
    <Filter Include="头文件\libs\bigint">
      <UniqueIdentifier>{1ffa7578-925d-419d-a4a6-0bc2f72ec9b1}</UniqueIdentifier>
    </Filter>
    <Filter Include="源文件\libs\bigint">
      <UniqueIdentifier>{de29352b-92c3-4ba5-a911-a26b376a25a5}</UniqueIdentifier>
    </Filter>
    <Filter Include="源文件\frontends">
      <UniqueIdentifier>{076dfef0-3497-42ea-8dbe-21a740202963}</UniqueIdentifier>
    </Filter>
    <Filter Include="头文件\frontends">
      <UniqueIdentifier>{7aa05bc7-83f4-4884-b15a-c180f46cf801}</UniqueIdentifier>
    </Filter>
    <Filter Include="源文件\frontends\ast">
      <UniqueIdentifier>{32307696-67ad-4494-a147-b98684970317}</UniqueIdentifier>
    </Filter>
    <Filter Include="头文件\frontends\ast">
      <UniqueIdentifier>{c727dfe8-619f-4270-b096-9c7c7eade151}</UniqueIdentifier>
    </Filter>
    <Filter Include="源文件\frontends\aiger">
      <UniqueIdentifier>{3320c38a-6ea9-47d2-9226-829abbc4951f}</UniqueIdentifier>
    </Filter>
    <Filter Include="头文件\frontends\aiger">
      <UniqueIdentifier>{abbfc2d9-6570-4edb-a961-a381c913e114}</UniqueIdentifier>
    </Filter>
    <Filter Include="源文件\frontends\blif">
      <UniqueIdentifier>{9ca63d48-9fbe-4218-a22c-3fe4b723a0c1}</UniqueIdentifier>
    </Filter>
    <Filter Include="头文件\frontends\blif">
      <UniqueIdentifier>{50c8b865-e533-45a6-9698-a27668a103e9}</UniqueIdentifier>
    </Filter>
    <Filter Include="源文件\frontends\json">
      <UniqueIdentifier>{dc0a529c-eae3-4492-88e4-b7a9dd393aff}</UniqueIdentifier>
    </Filter>
    <Filter Include="源文件\frontends\liberty">
      <UniqueIdentifier>{530f8189-79ec-42d5-8363-ce5bc57b2df8}</UniqueIdentifier>
    </Filter>
    <Filter Include="源文件\frontends\rpc">
      <UniqueIdentifier>{2632d47d-ac91-4025-bdd6-93b1b32edb78}</UniqueIdentifier>
    </Filter>
    <Filter Include="源文件\frontends\rtlil">
      <UniqueIdentifier>{ebc05b13-0a04-41cd-a78f-92ba0a0f9170}</UniqueIdentifier>
    </Filter>
    <Filter Include="头文件\frontends\rtlil">
      <UniqueIdentifier>{29999a06-b902-418a-8be7-49e9f1974bbc}</UniqueIdentifier>
    </Filter>
    <Filter Include="源文件\frontends\verilog">
      <UniqueIdentifier>{3906f981-b6c4-408a-b474-cad6949e0bfd}</UniqueIdentifier>
    </Filter>
    <Filter Include="头文件\frontends\verilog">
      <UniqueIdentifier>{8e17fff6-2b8d-4296-9431-0b723379eedb}</UniqueIdentifier>
    </Filter>
    <Filter Include="源文件\passes">
      <UniqueIdentifier>{dd97054d-58ec-4ab3-a415-23bfbcd945bf}</UniqueIdentifier>
    </Filter>
    <Filter Include="源文件\passes\techmap">
      <UniqueIdentifier>{47c58638-6175-4eab-a1b8-652cfe8f4c58}</UniqueIdentifier>
    </Filter>
    <Filter Include="头文件\passes">
      <UniqueIdentifier>{39016a7d-71df-4719-bd2f-6d106f3d311f}</UniqueIdentifier>
    </Filter>
    <Filter Include="头文件\passes\techmap">
      <UniqueIdentifier>{85bf657b-9f5a-46b1-8869-dd875cb6f1fe}</UniqueIdentifier>
    </Filter>
    <Filter Include="源文件\libs\subcircuit">
      <UniqueIdentifier>{ad1843a0-896e-42a9-a484-9a3acccc5af5}</UniqueIdentifier>
    </Filter>
    <Filter Include="头文件\libs\subcircuit">
      <UniqueIdentifier>{e8216909-1201-4e57-9644-064fa3de66b7}</UniqueIdentifier>
    </Filter>
  </ItemGroup>
  <ItemGroup>
    <ClCompile Include="techlibs\xilinx\synth_xilinx.cc">
      <Filter>源文件</Filter>
    </ClCompile>
    <ClCompile Include="libs\utils\log_pipe\common.cc">
      <Filter>源文件\libs\utils\log_pipe</Filter>
    </ClCompile>
    <ClCompile Include="kernel\log.cc">
      <Filter>源文件\kernel</Filter>
    </ClCompile>
    <ClCompile Include="libs\sha1\sha1.cpp">
      <Filter>源文件\libs\sha1</Filter>
    </ClCompile>
    <ClCompile Include="backends\rtlil\rtlil_backend.cc">
      <Filter>源文件\backends\rtlil</Filter>
    </ClCompile>
    <ClCompile Include="kernel\yosys.cc">
      <Filter>源文件\kernel</Filter>
    </ClCompile>
    <ClCompile Include="libs\json11\json11.cpp">
      <Filter>源文件\libs\json11</Filter>
    </ClCompile>
    <ClCompile Include="kernel\register.cc">
      <Filter>源文件\kernel</Filter>
    </ClCompile>
    <ClCompile Include="kernel\satgen.cc">
      <Filter>源文件\kernel</Filter>
    </ClCompile>
    <ClCompile Include="libs\ezsat\ezminisat.cc">
      <Filter>源文件\libs\ezsat</Filter>
    </ClCompile>
    <ClCompile Include="libs\ezsat\demo_bit.cc">
      <Filter>源文件\libs\ezsat</Filter>
    </ClCompile>
    <ClCompile Include="libs\ezsat\demo_cmp.cc">
      <Filter>源文件\libs\ezsat</Filter>
    </ClCompile>
    <ClCompile Include="libs\ezsat\demo_vec.cc">
      <Filter>源文件\libs\ezsat</Filter>
    </ClCompile>
    <ClCompile Include="libs\ezsat\ezsat.cc">
      <Filter>源文件\libs\ezsat</Filter>
    </ClCompile>
    <ClCompile Include="libs\ezsat\puzzle3d.cc">
      <Filter>源文件\libs\ezsat</Filter>
    </ClCompile>
    <ClCompile Include="libs\ezsat\testbench.cc">
      <Filter>源文件\libs\ezsat</Filter>
    </ClCompile>
    <ClCompile Include="libs\minisat\Options.cc">
      <Filter>源文件\libs\minisat</Filter>
    </ClCompile>
    <ClCompile Include="libs\minisat\SimpSolver.cc">
      <Filter>源文件\libs\minisat</Filter>
    </ClCompile>
    <ClCompile Include="libs\minisat\Solver.cc">
      <Filter>源文件\libs\minisat</Filter>
    </ClCompile>
    <ClCompile Include="libs\minisat\System.cc">
      <Filter>源文件\libs\minisat</Filter>
    </ClCompile>
    <ClCompile Include="kernel\ff.cc">
      <Filter>源文件\kernel</Filter>
    </ClCompile>
    <ClCompile Include="kernel\rtlil.cc">
      <Filter>源文件\kernel</Filter>
    </ClCompile>
    <ClCompile Include="kernel\binding.cc">
      <Filter>源文件\kernel</Filter>
    </ClCompile>
    <ClCompile Include="kernel\fmt.cc">
      <Filter>源文件\kernel</Filter>
    </ClCompile>
    <ClCompile Include="libs\bigint\BigInteger.cc">
      <Filter>源文件\libs\bigint</Filter>
    </ClCompile>
    <ClCompile Include="libs\bigint\BigIntegerAlgorithms.cc">
      <Filter>源文件\libs\bigint</Filter>
    </ClCompile>
    <ClCompile Include="libs\bigint\BigIntegerUtils.cc">
      <Filter>源文件\libs\bigint</Filter>
    </ClCompile>
    <ClCompile Include="libs\bigint\BigUnsigned.cc">
      <Filter>源文件\libs\bigint</Filter>
    </ClCompile>
    <ClCompile Include="libs\bigint\BigUnsignedInABase.cc">
      <Filter>源文件\libs\bigint</Filter>
    </ClCompile>
    <ClCompile Include="libs\bigint\sample.cc">
      <Filter>源文件\libs\bigint</Filter>
    </ClCompile>
    <ClCompile Include="libs\bigint\testsuite.cc">
      <Filter>源文件\libs\bigint</Filter>
    </ClCompile>
    <ClCompile Include="frontends\ast\ast.cc">
      <Filter>源文件\frontends\ast</Filter>
    </ClCompile>
    <ClCompile Include="frontends\ast\ast_binding.cc">
      <Filter>源文件\frontends\ast</Filter>
    </ClCompile>
    <ClCompile Include="frontends\ast\dpicall.cc">
      <Filter>源文件\frontends\ast</Filter>
    </ClCompile>
    <ClCompile Include="frontends\ast\genrtlil.cc">
      <Filter>源文件\frontends\ast</Filter>
    </ClCompile>
    <ClCompile Include="frontends\ast\simplify.cc">
      <Filter>源文件\frontends\ast</Filter>
    </ClCompile>
    <ClCompile Include="frontends\aiger\aigerparse.cc">
      <Filter>源文件\frontends\aiger</Filter>
    </ClCompile>
    <ClCompile Include="frontends\blif\blifparse.cc">
      <Filter>源文件\frontends\blif</Filter>
    </ClCompile>
    <ClCompile Include="frontends\json\jsonparse.cc">
      <Filter>源文件\frontends\json</Filter>
    </ClCompile>
    <ClCompile Include="frontends\liberty\liberty.cc">
      <Filter>源文件\frontends\liberty</Filter>
    </ClCompile>
    <ClCompile Include="frontends\rpc\rpc_frontend.cc">
      <Filter>源文件\frontends\rpc</Filter>
    </ClCompile>
    <ClCompile Include="frontends\rtlil\rtlil_frontend.cc">
      <Filter>源文件\frontends\rtlil</Filter>
    </ClCompile>
    <ClCompile Include="frontends\verilog\const2ast.cc">
      <Filter>源文件\frontends\verilog</Filter>
    </ClCompile>
    <ClCompile Include="frontends\verilog\verilog_frontend.cc">
      <Filter>源文件\frontends\verilog</Filter>
    </ClCompile>
    <ClCompile Include="passes\techmap\abc.cc">
      <Filter>源文件\passes\techmap</Filter>
    </ClCompile>
    <ClCompile Include="passes\techmap\abc9.cc">
      <Filter>源文件\passes\techmap</Filter>
    </ClCompile>
    <ClCompile Include="passes\techmap\abc9_exe.cc">
      <Filter>源文件\passes\techmap</Filter>
    </ClCompile>
    <ClCompile Include="passes\techmap\abc9_ops.cc">
      <Filter>源文件\passes\techmap</Filter>
    </ClCompile>
    <ClCompile Include="passes\techmap\aigmap.cc">
      <Filter>源文件\passes\techmap</Filter>
    </ClCompile>
    <ClCompile Include="passes\techmap\alumacc.cc">
      <Filter>源文件\passes\techmap</Filter>
    </ClCompile>
    <ClCompile Include="passes\techmap\attrmap.cc">
      <Filter>源文件\passes\techmap</Filter>
    </ClCompile>
    <ClCompile Include="passes\techmap\attrmvcp.cc">
      <Filter>源文件\passes\techmap</Filter>
    </ClCompile>
    <ClCompile Include="passes\techmap\bmuxmap.cc">
      <Filter>源文件\passes\techmap</Filter>
    </ClCompile>
    <ClCompile Include="passes\techmap\booth.cc">
      <Filter>源文件\passes\techmap</Filter>
    </ClCompile>
    <ClCompile Include="passes\techmap\bwmuxmap.cc">
      <Filter>源文件\passes\techmap</Filter>
    </ClCompile>
    <ClCompile Include="passes\techmap\cellmatch.cc">
      <Filter>源文件\passes\techmap</Filter>
    </ClCompile>
    <ClCompile Include="passes\techmap\clkbufmap.cc">
      <Filter>源文件\passes\techmap</Filter>
    </ClCompile>
    <ClCompile Include="passes\techmap\deminout.cc">
      <Filter>源文件\passes\techmap</Filter>
    </ClCompile>
    <ClCompile Include="passes\techmap\demuxmap.cc">
      <Filter>源文件\passes\techmap</Filter>
    </ClCompile>
    <ClCompile Include="passes\techmap\dffinit.cc">
      <Filter>源文件\passes\techmap</Filter>
    </ClCompile>
    <ClCompile Include="passes\techmap\dfflegalize.cc">
      <Filter>源文件\passes\techmap</Filter>
    </ClCompile>
    <ClCompile Include="passes\techmap\dfflibmap.cc">
      <Filter>源文件\passes\techmap</Filter>
    </ClCompile>
    <ClCompile Include="passes\techmap\dffunmap.cc">
      <Filter>源文件\passes\techmap</Filter>
    </ClCompile>
    <ClCompile Include="passes\techmap\extract.cc">
      <Filter>源文件\passes\techmap</Filter>
    </ClCompile>
    <ClCompile Include="passes\techmap\extract_counter.cc">
      <Filter>源文件\passes\techmap</Filter>
    </ClCompile>
    <ClCompile Include="passes\techmap\extract_fa.cc">
      <Filter>源文件\passes\techmap</Filter>
    </ClCompile>
    <ClCompile Include="passes\techmap\extract_reduce.cc">
      <Filter>源文件\passes\techmap</Filter>
    </ClCompile>
    <ClCompile Include="passes\techmap\extractinv.cc">
      <Filter>源文件\passes\techmap</Filter>
    </ClCompile>
    <ClCompile Include="passes\techmap\filterlib.cc">
      <Filter>源文件\passes\techmap</Filter>
    </ClCompile>
    <ClCompile Include="passes\techmap\flatten.cc">
      <Filter>源文件\passes\techmap</Filter>
    </ClCompile>
    <ClCompile Include="passes\techmap\flowmap.cc">
      <Filter>源文件\passes\techmap</Filter>
    </ClCompile>
    <ClCompile Include="passes\techmap\hilomap.cc">
      <Filter>源文件\passes\techmap</Filter>
    </ClCompile>
    <ClCompile Include="passes\techmap\insbuf.cc">
      <Filter>源文件\passes\techmap</Filter>
    </ClCompile>
    <ClCompile Include="passes\techmap\iopadmap.cc">
      <Filter>源文件\passes\techmap</Filter>
    </ClCompile>
    <ClCompile Include="passes\techmap\libparse.cc">
      <Filter>源文件\passes\techmap</Filter>
    </ClCompile>
    <ClCompile Include="passes\techmap\lut2mux.cc">
      <Filter>源文件\passes\techmap</Filter>
    </ClCompile>
    <ClCompile Include="passes\techmap\maccmap.cc">
      <Filter>源文件\passes\techmap</Filter>
    </ClCompile>
    <ClCompile Include="passes\techmap\muxcover.cc">
      <Filter>源文件\passes\techmap</Filter>
    </ClCompile>
    <ClCompile Include="passes\techmap\nlutmap.cc">
      <Filter>源文件\passes\techmap</Filter>
    </ClCompile>
    <ClCompile Include="passes\techmap\pmuxtree.cc">
      <Filter>源文件\passes\techmap</Filter>
    </ClCompile>
    <ClCompile Include="passes\techmap\shregmap.cc">
      <Filter>源文件\passes\techmap</Filter>
    </ClCompile>
    <ClCompile Include="passes\techmap\simplemap.cc">
      <Filter>源文件\passes\techmap</Filter>
    </ClCompile>
    <ClCompile Include="passes\techmap\techmap.cc">
      <Filter>源文件\passes\techmap</Filter>
    </ClCompile>
    <ClCompile Include="passes\techmap\tribuf.cc">
      <Filter>源文件\passes\techmap</Filter>
    </ClCompile>
    <ClCompile Include="passes\techmap\zinit.cc">
      <Filter>源文件\passes\techmap</Filter>
    </ClCompile>
    <ClCompile Include="kernel\cellaigs.cc">
      <Filter>源文件\kernel</Filter>
    </ClCompile>
    <ClCompile Include="libs\subcircuit\demo.cc">
      <Filter>源文件\libs\subcircuit</Filter>
    </ClCompile>
    <ClCompile Include="libs\subcircuit\scshell.cc">
      <Filter>源文件\libs\subcircuit</Filter>
    </ClCompile>
    <ClCompile Include="libs\subcircuit\subcircuit.cc">
      <Filter>源文件\libs\subcircuit</Filter>
    </ClCompile>
  </ItemGroup>
  <ItemGroup>
    <ClInclude Include="kernel\celltypes.h">
      <Filter>头文件\kernel</Filter>
    </ClInclude>
    <ClInclude Include="kernel\log.h">
      <Filter>头文件\kernel</Filter>
    </ClInclude>
    <ClInclude Include="kernel\register.h">
      <Filter>头文件\kernel</Filter>
    </ClInclude>
    <ClInclude Include="kernel\rtlil.h">
      <Filter>头文件\kernel</Filter>
    </ClInclude>
    <ClInclude Include="libs\utils\log_pipe\common.h">
      <Filter>头文件\libs\utils\log_pipe</Filter>
    </ClInclude>
    <ClInclude Include="kernel\hashlib.h">
      <Filter>头文件\libs\utils\log_pipe</Filter>
    </ClInclude>
    <ClInclude Include="libs\nlohmann\json.hpp">
      <Filter>头文件\libs\nlohmann</Filter>
    </ClInclude>
    <ClInclude Include="libs\nlohmann\json_fwd.hpp">
      <Filter>头文件\libs\nlohmann</Filter>
    </ClInclude>
    <ClInclude Include="libs\sha1\sha1.h">
      <Filter>头文件\libs\sha1</Filter>
    </ClInclude>
    <ClInclude Include="backends\rtlil\rtlil_backend.h">
      <Filter>头文件\backends\rtlil</Filter>
    </ClInclude>
    <ClInclude Include="kernel\yosys.h">
      <Filter>头文件\kernel</Filter>
    </ClInclude>
    <ClInclude Include="libs\json11\json11.hpp">
      <Filter>头文件\libs\json11</Filter>
    </ClInclude>
    <ClInclude Include="kernel\satgen.h">
      <Filter>头文件\kernel</Filter>
    </ClInclude>
    <ClInclude Include="kernel\sigtools.h">
      <Filter>头文件\kernel</Filter>
    </ClInclude>
    <ClInclude Include="kernel\macc.h">
      <Filter>头文件\kernel</Filter>
    </ClInclude>
    <ClInclude Include="libs\ezsat\ezminisat.h">
      <Filter>头文件\libs\ezsat</Filter>
    </ClInclude>
    <ClInclude Include="libs\ezsat\ezsat.h">
      <Filter>头文件\libs\ezsat</Filter>
    </ClInclude>
    <ClInclude Include="libs\minisat\Alg.h">
      <Filter>头文件\libs\minisat</Filter>
    </ClInclude>
    <ClInclude Include="libs\minisat\Alloc.h">
      <Filter>头文件\libs\minisat</Filter>
    </ClInclude>
    <ClInclude Include="libs\minisat\Dimacs.h">
      <Filter>头文件\libs\minisat</Filter>
    </ClInclude>
    <ClInclude Include="libs\minisat\Heap.h">
      <Filter>头文件\libs\minisat</Filter>
    </ClInclude>
    <ClInclude Include="libs\minisat\IntMap.h">
      <Filter>头文件\libs\minisat</Filter>
    </ClInclude>
    <ClInclude Include="libs\minisat\IntTypes.h">
      <Filter>头文件\libs\minisat</Filter>
    </ClInclude>
    <ClInclude Include="libs\minisat\Map.h">
      <Filter>头文件\libs\minisat</Filter>
    </ClInclude>
    <ClInclude Include="libs\minisat\Options.h">
      <Filter>头文件\libs\minisat</Filter>
    </ClInclude>
    <ClInclude Include="libs\minisat\ParseUtils.h">
      <Filter>头文件\libs\minisat</Filter>
    </ClInclude>
    <ClInclude Include="libs\minisat\Queue.h">
      <Filter>头文件\libs\minisat</Filter>
    </ClInclude>
    <ClInclude Include="libs\minisat\Rnd.h">
      <Filter>头文件\libs\minisat</Filter>
    </ClInclude>
    <ClInclude Include="libs\minisat\SimpSolver.h">
      <Filter>头文件\libs\minisat</Filter>
    </ClInclude>
    <ClInclude Include="libs\minisat\Solver.h">
      <Filter>头文件\libs\minisat</Filter>
    </ClInclude>
    <ClInclude Include="libs\minisat\SolverTypes.h">
      <Filter>头文件\libs\minisat</Filter>
    </ClInclude>
    <ClInclude Include="libs\minisat\Sort.h">
      <Filter>头文件\libs\minisat</Filter>
    </ClInclude>
    <ClInclude Include="libs\minisat\System.h">
      <Filter>头文件\libs\minisat</Filter>
    </ClInclude>
    <ClInclude Include="libs\minisat\Vec.h">
      <Filter>头文件\libs\minisat</Filter>
    </ClInclude>
    <ClInclude Include="libs\minisat\XAlloc.h">
      <Filter>头文件\libs\minisat</Filter>
    </ClInclude>
    <ClInclude Include="kernel\ff.h">
      <Filter>头文件\kernel</Filter>
    </ClInclude>
    <ClInclude Include="kernel\ffinit.h">
      <Filter>头文件\kernel</Filter>
    </ClInclude>
    <ClInclude Include="kernel\binding.h">
      <Filter>头文件\kernel</Filter>
    </ClInclude>
    <ClInclude Include="kernel\fmt.h">
      <Filter>头文件\kernel</Filter>
    </ClInclude>
    <ClInclude Include="libs\bigint\BigInteger.hh">
      <Filter>头文件\libs\bigint</Filter>
    </ClInclude>
    <ClInclude Include="libs\bigint\BigIntegerAlgorithms.hh">
      <Filter>头文件\libs\bigint</Filter>
    </ClInclude>
    <ClInclude Include="libs\bigint\BigIntegerLibrary.hh">
      <Filter>头文件\libs\bigint</Filter>
    </ClInclude>
    <ClInclude Include="libs\bigint\BigIntegerUtils.hh">
      <Filter>头文件\libs\bigint</Filter>
    </ClInclude>
    <ClInclude Include="libs\bigint\BigUnsigned.hh">
      <Filter>头文件\libs\bigint</Filter>
    </ClInclude>
    <ClInclude Include="libs\bigint\BigUnsignedInABase.hh">
      <Filter>头文件\libs\bigint</Filter>
    </ClInclude>
    <ClInclude Include="libs\bigint\NumberlikeArray.hh">
      <Filter>头文件\libs\bigint</Filter>
    </ClInclude>
    <ClInclude Include="frontends\ast\ast.h">
      <Filter>头文件\frontends\ast</Filter>
    </ClInclude>
    <ClInclude Include="frontends\ast\ast_binding.h">
      <Filter>头文件\frontends\ast</Filter>
    </ClInclude>
    <ClInclude Include="kernel\utils.h">
      <Filter>头文件\kernel</Filter>
    </ClInclude>
    <ClInclude Include="frontends\aiger\aigerparse.h">
      <Filter>头文件\frontends\aiger</Filter>
    </ClInclude>
    <ClInclude Include="frontends\blif\blifparse.h">
      <Filter>头文件\frontends\blif</Filter>
    </ClInclude>
    <ClInclude Include="frontends\rtlil\rtlil_frontend.h">
      <Filter>头文件\frontends\rtlil</Filter>
    </ClInclude>
    <ClInclude Include="frontends\verilog\preproc.h">
      <Filter>头文件\frontends\verilog</Filter>
    </ClInclude>
    <ClInclude Include="frontends\verilog\verilog_frontend.h">
      <Filter>头文件\frontends\verilog</Filter>
    </ClInclude>
    <ClInclude Include="passes\techmap\libparse.h">
      <Filter>头文件\passes\techmap</Filter>
    </ClInclude>
    <ClInclude Include="passes\techmap\simplemap.h">
      <Filter>头文件\passes\techmap</Filter>
    </ClInclude>
    <ClInclude Include="kernel\cellaigs.h">
      <Filter>头文件\kernel</Filter>
    </ClInclude>
    <ClInclude Include="kernel\consteval.h">
      <Filter>头文件\kernel</Filter>
    </ClInclude>
    <ClInclude Include="kernel\cost.h">
      <Filter>头文件\kernel</Filter>
    </ClInclude>
    <ClInclude Include="kernel\modtools.h">
      <Filter>头文件\kernel</Filter>
    </ClInclude>
    <ClInclude Include="kernel\timinginfo.h">
      <Filter>头文件\kernel</Filter>
    </ClInclude>
    <ClInclude Include="libs\subcircuit\subcircuit.h">
      <Filter>头文件\libs\subcircuit</Filter>
    </ClInclude>
  </ItemGroup>
</Project>